github.com/davecgh/go-spew v1.1.1 h1:vj9j/u1bqnvCEfJOwUhtlOARqs3+rkHYY13jYWTU97c=
github.com/davecgh/go-spew v1.1.1/go.mod h1:J7Y8YcW2NihsgmVo/mv3lAwl/skON4iLHjSsI+c5H38=
github.com/daviddengcn/ljson v0.0.0-20151005073359-c7991804aec0 h1:7e6+RbcU1QmmUQaE+lrvHb0XY/mMoch+4yRWk6UfsDc=
github.com/daviddengcn/ljson v0.0.0-20151005073359-c7991804aec0/go.mod h1:fTrA59Bv2pIEK663wUTb7dRMoWYVmDFIx1lf54Ww3BY=
